
Microsoft Visual Studio Solution File, Format Version 12.00
# Visual Studio 15
VisualStudioVersion = 15.0.28307.421
MinimumVisualStudioVersion = 10.0.40219.1
Project("{FAE04EC0-301F-11D3-BF4B-00C04F79EFBC}") = "samplejenkins", "samplejenkins\samplejenkins.csproj", "{B80D00DB-3D1B-4E14-92EA-8D5A5C97D1BC}"
EndProject
Global
	GlobalSection(SolutionConfigurationPlatforms) = preSolution
		Debug|Any CPU = Debug|Any CPU
		Release|Any CPU = Release|Any CPU
	EndGlobalSection
	GlobalSection(ProjectConfigurationPlatforms) = postSolution
		{B80D00DB-3D1B-4E14-92EA-8D5A5C97D1BC}.Debug|Any CPU.ActiveCfg = Debug|Any CPU
		{B80D00DB-3D1B-4E14-92EA-8D5A5C97D1BC}.Debug|Any CPU.Build.0 = Debug|Any CPU
		{B80D00DB-3D1B-4E14-92EA-8D5A5C97D1BC}.Release|Any CPU.ActiveCfg = Release|Any CPU
		{B80D00DB-3D1B-4E14-92EA-8D5A5C97D1BC}.Release|Any CPU.Build.0 = Release|Any CPU
	EndGlobalSection
	GlobalSection(SolutionProperties) = preSolution
		HideSolutionNode = FALSE
	EndGlobalSection
	GlobalSection(ExtensibilityGlobals) = postSolution
		SolutionGuid = {BFCE556E-797D-4B3E-9155-F3B3177825B5}
	EndGlobalSection
EndGlobal
